
Microsoft Visual Studio Solution File, Format Version 12.00
# Visual Studio Version 16
VisualStudioVersion = 16.0.30804.86
MinimumVisualStudioVersion = 10.0.40219.1
Project("{FAE04EC0-301F-11D3-BF4B-00C04F79EFBC}") = "ServiceDepartamentosRDSMySql", "ServiceDepartamentosRDSMySql\ServiceDepartamentosRDSMySql.csproj", "{C146C757-E316-44FA-9FEA-BCA24740BB3B}"
EndProject
Global
	GlobalSection(SolutionConfigurationPlatforms) = preSolution
		Debug|Any CPU = Debug|Any CPU
		Release|Any CPU = Release|Any CPU
	EndGlobalSection
	GlobalSection(ProjectConfigurationPlatforms) = postSolution
		{C146C757-E316-44FA-9FEA-BCA24740BB3B}.Debug|Any CPU.ActiveCfg = Debug|Any CPU
		{C146C757-E316-44FA-9FEA-BCA24740BB3B}.Debug|Any CPU.Build.0 = Debug|Any CPU
		{C146C757-E316-44FA-9FEA-BCA24740BB3B}.Release|Any CPU.ActiveCfg = Release|Any CPU
		{C146C757-E316-44FA-9FEA-BCA24740BB3B}.Release|Any CPU.Build.0 = Release|Any CPU
	EndGlobalSection
	GlobalSection(SolutionProperties) = preSolution
		HideSolutionNode = FALSE
	EndGlobalSection
	GlobalSection(ExtensibilityGlobals) = postSolution
		SolutionGuid = {CF9FF0AE-AF2F-425D-9124-D181B1E2FF81}
	EndGlobalSection
EndGlobal
